
Microsoft Visual Studio Solution File, Format Version 12.00
# Visual Studio Version 17
VisualStudioVersion = 17.9.34701.34
MinimumVisualStudioVersion = 10.0.40219.1
Project("{FAE04EC0-301F-11D3-BF4B-00C04F79EFBC}") = "REA_OOP_Stage_1", "REA_OOP_Stage_1.csproj", "{33F7EB7F-7232-4486-B394-06DF42F44156}"
EndProject
Global
	GlobalSection(SolutionConfigurationPlatforms) = preSolution
		Debug|Any CPU = Debug|Any CPU
		Release|Any CPU = Release|Any CPU
	EndGlobalSection
	GlobalSection(ProjectConfigurationPlatforms) = postSolution
		{33F7EB7F-7232-4486-B394-06DF42F44156}.Debug|Any CPU.ActiveCfg = Debug|Any CPU
		{33F7EB7F-7232-4486-B394-06DF42F44156}.Debug|Any CPU.Build.0 = Debug|Any CPU
		{33F7EB7F-7232-4486-B394-06DF42F44156}.Release|Any CPU.ActiveCfg = Release|Any CPU
		{33F7EB7F-7232-4486-B394-06DF42F44156}.Release|Any CPU.Build.0 = Release|Any CPU
	EndGlobalSection
	GlobalSection(SolutionProperties) = preSolution
		HideSolutionNode = FALSE
	EndGlobalSection
	GlobalSection(ExtensibilityGlobals) = postSolution
		SolutionGuid = {24B24052-07F2-4DA6-B279-DAD93860A234}
	EndGlobalSection
EndGlobal
